
Microsoft Visual Studio Solution File, Format Version 12.00
# Visual Studio Version 17
VisualStudioVersion = 17.13.35806.99
MinimumVisualStudioVersion = 10.0.40219.1
Project("{8BC9CEB8-8B4A-11D0-8D11-00A0C91BC942}") = "bve-autopilot-lib", "bve-autopilot\bve-autopilot.vcxproj", "{5F8F0BDB-A90B-43B0-BB16-6F6DF27F9C67}"
EndProject
Project("{FAE04EC0-301F-11D3-BF4B-00C04F79EFBC}") = "MetroAtsBridge", "MetroAtsBridge\MetroAtsBridge.csproj", "{B1DDD299-6C46-4975-A47F-511D91264683}"
EndProject
Global
	GlobalSection(SolutionConfigurationPlatforms) = preSolution
		Debug|Any CPU = Debug|Any CPU
		Debug|x64 = Debug|x64
		Debug|x86 = Debug|x86
		Release|Any CPU = Release|Any CPU
		Release|x64 = Release|x64
		Release|x86 = Release|x86
	EndGlobalSection
	GlobalSection(ProjectConfigurationPlatforms) = postSolution
		{5F8F0BDB-A90B-43B0-BB16-6F6DF27F9C67}.Debug|Any CPU.ActiveCfg = Debug|x64
		{5F8F0BDB-A90B-43B0-BB16-6F6DF27F9C67}.Debug|Any CPU.Build.0 = Debug|x64
		{5F8F0BDB-A90B-43B0-BB16-6F6DF27F9C67}.Debug|x64.ActiveCfg = Debug|x64
		{5F8F0BDB-A90B-43B0-BB16-6F6DF27F9C67}.Debug|x64.Build.0 = Debug|x64
		{5F8F0BDB-A90B-43B0-BB16-6F6DF27F9C67}.Debug|x86.ActiveCfg = Debug|Win32
		{5F8F0BDB-A90B-43B0-BB16-6F6DF27F9C67}.Debug|x86.Build.0 = Debug|Win32
		{5F8F0BDB-A90B-43B0-BB16-6F6DF27F9C67}.Release|Any CPU.ActiveCfg = Release|x64
		{5F8F0BDB-A90B-43B0-BB16-6F6DF27F9C67}.Release|Any CPU.Build.0 = Release|x64
		{5F8F0BDB-A90B-43B0-BB16-6F6DF27F9C67}.Release|x64.ActiveCfg = Release|x64
		{5F8F0BDB-A90B-43B0-BB16-6F6DF27F9C67}.Release|x64.Build.0 = Release|x64
		{5F8F0BDB-A90B-43B0-BB16-6F6DF27F9C67}.Release|x86.ActiveCfg = Release|Win32
		{5F8F0BDB-A90B-43B0-BB16-6F6DF27F9C67}.Release|x86.Build.0 = Release|Win32
		{B1DDD299-6C46-4975-A47F-511D91264683}.Debug|Any CPU.ActiveCfg = Debug|Any CPU
		{B1DDD299-6C46-4975-A47F-511D91264683}.Debug|Any CPU.Build.0 = Debug|Any CPU
		{B1DDD299-6C46-4975-A47F-511D91264683}.Debug|x64.ActiveCfg = Debug|Any CPU
		{B1DDD299-6C46-4975-A47F-511D91264683}.Debug|x64.Build.0 = Debug|Any CPU
		{B1DDD299-6C46-4975-A47F-511D91264683}.Debug|x86.ActiveCfg = Debug|Any CPU
		{B1DDD299-6C46-4975-A47F-511D91264683}.Release|Any CPU.ActiveCfg = Release|Any CPU
		{B1DDD299-6C46-4975-A47F-511D91264683}.Release|Any CPU.Build.0 = Release|Any CPU
		{B1DDD299-6C46-4975-A47F-511D91264683}.Release|x64.ActiveCfg = Release|Any CPU
		{B1DDD299-6C46-4975-A47F-511D91264683}.Release|x64.Build.0 = Release|Any CPU
		{B1DDD299-6C46-4975-A47F-511D91264683}.Release|x86.ActiveCfg = Release|Any CPU
		{B1DDD299-6C46-4975-A47F-511D91264683}.Release|x86.Build.0 = Release|Any CPU
	EndGlobalSection
	GlobalSection(SolutionProperties) = preSolution
		HideSolutionNode = FALSE
	EndGlobalSection
	GlobalSection(ExtensibilityGlobals) = postSolution
		SolutionGuid = {42E7E736-9DA6-480C-B955-7E82F2A32D8B}
	EndGlobalSection
EndGlobal
